// !$*UTF8*$!
{
	archiveVersion = 1;
	classes = {
	};
	objectVersion = 51;
	objects = {

/* Begin PBXBuildFile section */
		0D367D8BA8DEDE454041306A /* Pods_MyMacApp.framework in Frameworks */ = {isa = PBXBuildFile; fileRef = B2A8F42EFDAD3075CB9ABDB5 /* Pods_MyMacApp.framework */; };
		5F16D78823556A5700CB0BBD /* AppDelegate.swift in Sources */ = {isa = PBXBuildFile; fileRef = 5F16D78723556A5700CB0BBD /* AppDelegate.swift */; };
		5F16D78A23556A5700CB0BBD /* ViewController.swift in Sources */ = {isa = PBXBuildFile; fileRef = 5F16D78923556A5700CB0BBD /* ViewController.swift */; };
		5F16D78C23556A5800CB0BBD /* Assets.xcassets in Resources */ = {isa = PBXBuildFile; fileRef = 5F16D78B23556A5800CB0BBD /* Assets.xcassets */; };
		5F16D78F23556A5800CB0BBD /* Main.storyboard in Resources */ = {isa = PBXBuildFile; fileRef = 5F16D78D23556A5800CB0BBD /* Main.storyboard */; };
		5F23A6182356F00600BAA763 /* WYNewsView.swift in Sources */ = {isa = PBXBuildFile; fileRef = 5F23A6172356F00600BAA763 /* WYNewsView.swift */; };
		5F23A61A2356F18500BAA763 /* WYNetWorkManager.swift in Sources */ = {isa = PBXBuildFile; fileRef = 5F23A6192356F18500BAA763 /* WYNetWorkManager.swift */; };
		5F2D4CBD23571F4000386188 /* WYNewsListModel.swift in Sources */ = {isa = PBXBuildFile; fileRef = 5F2D4CBC23571F4000386188 /* WYNewsListModel.swift */; };
		5F5DADFC23580F5A0065474A /* WYCellView.swift in Sources */ = {isa = PBXBuildFile; fileRef = 5F5DADFB23580F590065474A /* WYCellView.swift */; };
		5F5DADFE2358553A0065474A /* WYNewsDetailViewModel.swift in Sources */ = {isa = PBXBuildFile; fileRef = 5F5DADFD2358553A0065474A /* WYNewsDetailViewModel.swift */; };
		5F5DAE0023585C300065474A /* WYNewsDetailEntity.swift in Sources */ = {isa = PBXBuildFile; fileRef = 5F5DADFF23585C300065474A /* WYNewsDetailEntity.swift */; };
		5F5DAE022358719F0065474A /* WYNewsDeitailVC.swift in Sources */ = {isa = PBXBuildFile; fileRef = 5F5DAE012358719F0065474A /* WYNewsDeitailVC.swift */; };
		5F5DAE06235871CC0065474A /* WYDetialView.swift in Sources */ = {isa = PBXBuildFile; fileRef = 5F5DAE05235871CC0065474A /* WYDetialView.swift */; };
		5F60FC5C2356EDAA00D4B55E /* WYListDelegate.swift in Sources */ = {isa = PBXBuildFile; fileRef = 5F60FC572356EDAA00D4B55E /* WYListDelegate.swift */; };
		5F60FC5D2356EDAA00D4B55E /* MyWYNewsController.swift in Sources */ = {isa = PBXBuildFile; fileRef = 5F60FC592356EDAA00D4B55E /* MyWYNewsController.swift */; };
		5F6269CB2359A2EC0092BCD9 /* MyTabVC.swift in Sources */ = {isa = PBXBuildFile; fileRef = 5F6269CA2359A2EC0092BCD9 /* MyTabVC.swift */; };
		5F6B41A42410A6EE0011B9C7 /* GoldWindowController.swift in Sources */ = {isa = PBXBuildFile; fileRef = 5F6B41A32410A6EE0011B9C7 /* GoldWindowController.swift */; };
		5F6B41A62410A7050011B9C7 /* GoldViewController.swift in Sources */ = {isa = PBXBuildFile; fileRef = 5F6B41A52410A7050011B9C7 /* GoldViewController.swift */; };
		5F6B41A82410A7710011B9C7 /* GoldModel.swift in Sources */ = {isa = PBXBuildFile; fileRef = 5F6B41A72410A7710011B9C7 /* GoldModel.swift */; };
		5F6B41AA2410A7840011B9C7 /* GoldView.swift in Sources */ = {isa = PBXBuildFile; fileRef = 5F6B41A92410A7840011B9C7 /* GoldView.swift */; };
		5F6B41AC2410C7BC0011B9C7 /* GoldManager.swift in Sources */ = {isa = PBXBuildFile; fileRef = 5F6B41AB2410C7BC0011B9C7 /* GoldManager.swift */; };
		5F8B3CD5235EEC7A00EEBF21 /* OneViewController.swift in Sources */ = {isa = PBXBuildFile; fileRef = 5F8B3CD4235EEC7A00EEBF21 /* OneViewController.swift */; };
		5F8B3CD7235EEC8900EEBF21 /* TwoViewController.swift in Sources */ = {isa = PBXBuildFile; fileRef = 5F8B3CD6235EEC8900EEBF21 /* TwoViewController.swift */; };
		5F8C28BD23602737008068F5 /* MyQRCodeVC.swift in Sources */ = {isa = PBXBuildFile; fileRef = 5F8C28BC23602737008068F5 /* MyQRCodeVC.swift */; };
		5F949F622417276000C7CDF1 /* CandleStick.swift in Sources */ = {isa = PBXBuildFile; fileRef = 5F949F612417276000C7CDF1 /* CandleStick.swift */; };
		5FB7060F242AF5C2005AC167 /* FileChangeVC.swift in Sources */ = {isa = PBXBuildFile; fileRef = 5FB7060E242AF5C2005AC167 /* FileChangeVC.swift */; };
		5FB70615242B06D0005AC167 /* NSTextField+Dragging.m in Sources */ = {isa = PBXBuildFile; fileRef = 5FB70612242B06CF005AC167 /* NSTextField+Dragging.m */; };
		5FB70616242B06D0005AC167 /* NSTextField+Copypast.m in Sources */ = {isa = PBXBuildFile; fileRef = 5FB70614242B06CF005AC167 /* NSTextField+Copypast.m */; };
		5FD56D7A23681E0500B07120 /* MyContentView.swift in Sources */ = {isa = PBXBuildFile; fileRef = 5FD56D7923681E0500B07120 /* MyContentView.swift */; };
		5FD56D7C2368283200B07120 /* MYtest3Controller.swift in Sources */ = {isa = PBXBuildFile; fileRef = 5FD56D7B2368283200B07120 /* MYtest3Controller.swift */; };
		5FD56D7E2368325C00B07120 /* TogetherSwiftUIView.swift in Sources */ = {isa = PBXBuildFile; fileRef = 5FD56D7D2368325C00B07120 /* TogetherSwiftUIView.swift */; };
/* End PBXBuildFile section */

/* Begin PBXFileReference section */
		06F7A00ED452042022D1983C /* Pods-MyMacApp.debug.xcconfig */ = {isa = PBXFileReference; includeInIndex = 1; lastKnownFileType = text.xcconfig; name = "Pods-MyMacApp.debug.xcconfig"; path = "Target Support Files/Pods-MyMacApp/Pods-MyMacApp.debug.xcconfig"; sourceTree = "<group>"; };
		5BDAB613D1AAF4E6B80A98C9 /* Pods-MyMacApp.release.xcconfig */ = {isa = PBXFileReference; includeInIndex = 1; lastKnownFileType = text.xcconfig; name = "Pods-MyMacApp.release.xcconfig"; path = "Target Support Files/Pods-MyMacApp/Pods-MyMacApp.release.xcconfig"; sourceTree = "<group>"; };
		5F16D78423556A5700CB0BBD /* MyMacApp.app */ = {isa = PBXFileReference; explicitFileType = wrapper.application; includeInIndex = 0; path = MyMacApp.app; sourceTree = BUILT_PRODUCTS_DIR; };
		5F16D78723556A5700CB0BBD /* AppDelegate.swift */ = {isa = PBXFileReference; lastKnownFileType = sourcecode.swift; path = AppDelegate.swift; sourceTree = "<group>"; };
		5F16D78923556A5700CB0BBD /* ViewController.swift */ = {isa = PBXFileReference; lastKnownFileType = sourcecode.swift; path = ViewController.swift; sourceTree = "<group>"; };
		5F16D78B23556A5800CB0BBD /* Assets.xcassets */ = {isa = PBXFileReference; lastKnownFileType = folder.assetcatalog; path = Assets.xcassets; sourceTree = "<group>"; };
		5F16D78E23556A5800CB0BBD /* Base */ = {isa = PBXFileReference; lastKnownFileType = file.storyboard; name = Base; path = Base.lproj/Main.storyboard; sourceTree = "<group>"; };
		5F16D79023556A5800CB0BBD /* Info.plist */ = {isa = PBXFileReference; lastKnownFileType = text.plist.xml; path = Info.plist; sourceTree = "<group>"; };
		5F16D79123556A5800CB0BBD /* MyMacApp.entitlements */ = {isa = PBXFileReference; lastKnownFileType = text.plist.entitlements; path = MyMacApp.entitlements; sourceTree = "<group>"; };
		5F23A6172356F00600BAA763 /* WYNewsView.swift */ = {isa = PBXFileReference; lastKnownFileType = sourcecode.swift; path = WYNewsView.swift; sourceTree = "<group>"; };
		5F23A6192356F18500BAA763 /* WYNetWorkManager.swift */ = {isa = PBXFileReference; lastKnownFileType = sourcecode.swift; path = WYNetWorkManager.swift; sourceTree = "<group>"; };
		5F2D4CBC23571F4000386188 /* WYNewsListModel.swift */ = {isa = PBXFileReference; lastKnownFileType = sourcecode.swift; path = WYNewsListModel.swift; sourceTree = "<group>"; };
		5F5DADFB23580F590065474A /* WYCellView.swift */ = {isa = PBXFileReference; lastKnownFileType = sourcecode.swift; path = WYCellView.swift; sourceTree = "<group>"; };
		5F5DADFD2358553A0065474A /* WYNewsDetailViewModel.swift */ = {isa = PBXFileReference; lastKnownFileType = sourcecode.swift; path = WYNewsDetailViewModel.swift; sourceTree = "<group>"; };
		5F5DADFF23585C300065474A /* WYNewsDetailEntity.swift */ = {isa = PBXFileReference; lastKnownFileType = sourcecode.swift; path = WYNewsDetailEntity.swift; sourceTree = "<group>"; };
		5F5DAE012358719F0065474A /* WYNewsDeitailVC.swift */ = {isa = PBXFileReference; lastKnownFileType = sourcecode.swift; path = WYNewsDeitailVC.swift; sourceTree = "<group>"; };
		5F5DAE05235871CC0065474A /* WYDetialView.swift */ = {isa = PBXFileReference; lastKnownFileType = sourcecode.swift; path = WYDetialView.swift; sourceTree = "<group>"; };
		5F60FC572356EDAA00D4B55E /* WYListDelegate.swift */ = {isa = PBXFileReference; fileEncoding = 4; lastKnownFileType = sourcecode.swift; path = WYListDelegate.swift; sourceTree = "<group>"; };
		5F60FC592356EDAA00D4B55E /* MyWYNewsController.swift */ = {isa = PBXFileReference; fileEncoding = 4; lastKnownFileType = sourcecode.swift; path = MyWYNewsController.swift; sourceTree = "<group>"; };
		5F6269CA2359A2EC0092BCD9 /* MyTabVC.swift */ = {isa = PBXFileReference; lastKnownFileType = sourcecode.swift; path = MyTabVC.swift; sourceTree = "<group>"; };
		5F6B41A32410A6EE0011B9C7 /* GoldWindowController.swift */ = {isa = PBXFileReference; lastKnownFileType = sourcecode.swift; path = GoldWindowController.swift; sourceTree = "<group>"; };
		5F6B41A52410A7050011B9C7 /* GoldViewController.swift */ = {isa = PBXFileReference; lastKnownFileType = sourcecode.swift; path = GoldViewController.swift; sourceTree = "<group>"; };
		5F6B41A72410A7710011B9C7 /* GoldModel.swift */ = {isa = PBXFileReference; lastKnownFileType = sourcecode.swift; path = GoldModel.swift; sourceTree = "<group>"; };
		5F6B41A92410A7840011B9C7 /* GoldView.swift */ = {isa = PBXFileReference; lastKnownFileType = sourcecode.swift; path = GoldView.swift; sourceTree = "<group>"; };
		5F6B41AB2410C7BC0011B9C7 /* GoldManager.swift */ = {isa = PBXFileReference; lastKnownFileType = sourcecode.swift; path = GoldManager.swift; sourceTree = "<group>"; };
		5F8B3CD4235EEC7A00EEBF21 /* OneViewController.swift */ = {isa = PBXFileReference; lastKnownFileType = sourcecode.swift; path = OneViewController.swift; sourceTree = "<group>"; };
		5F8B3CD6235EEC8900EEBF21 /* TwoViewController.swift */ = {isa = PBXFileReference; lastKnownFileType = sourcecode.swift; path = TwoViewController.swift; sourceTree = "<group>"; };
		5F8C28BC23602737008068F5 /* MyQRCodeVC.swift */ = {isa = PBXFileReference; lastKnownFileType = sourcecode.swift; path = MyQRCodeVC.swift; sourceTree = "<group>"; };
		5F949F612417276000C7CDF1 /* CandleStick.swift */ = {isa = PBXFileReference; lastKnownFileType = sourcecode.swift; path = CandleStick.swift; sourceTree = "<group>"; };
		5FB7060E242AF5C2005AC167 /* FileChangeVC.swift */ = {isa = PBXFileReference; lastKnownFileType = sourcecode.swift; path = FileChangeVC.swift; sourceTree = "<group>"; };
		5FB70610242B06CE005AC167 /* MyMacApp-Bridging-Header.h */ = {isa = PBXFileReference; lastKnownFileType = sourcecode.c.h; path = "MyMacApp-Bridging-Header.h"; sourceTree = "<group>"; };
		5FB70611242B06CF005AC167 /* NSTextField+Dragging.h */ = {isa = PBXFileReference; fileEncoding = 4; lastKnownFileType = sourcecode.c.h; path = "NSTextField+Dragging.h"; sourceTree = "<group>"; };
		5FB70612242B06CF005AC167 /* NSTextField+Dragging.m */ = {isa = PBXFileReference; fileEncoding = 4; lastKnownFileType = sourcecode.c.objc; path = "NSTextField+Dragging.m"; sourceTree = "<group>"; };
		5FB70613242B06CF005AC167 /* NSTextField+Copypast.h */ = {isa = PBXFileReference; fileEncoding = 4; lastKnownFileType = sourcecode.c.h; path = "NSTextField+Copypast.h"; sourceTree = "<group>"; };
		5FB70614242B06CF005AC167 /* NSTextField+Copypast.m */ = {isa = PBXFileReference; fileEncoding = 4; lastKnownFileType = sourcecode.c.objc; path = "NSTextField+Copypast.m"; sourceTree = "<group>"; };
		5FD56D7923681E0500B07120 /* MyContentView.swift */ = {isa = PBXFileReference; lastKnownFileType = sourcecode.swift; path = MyContentView.swift; sourceTree = "<group>"; };
		5FD56D7B2368283200B07120 /* MYtest3Controller.swift */ = {isa = PBXFileReference; lastKnownFileType = sourcecode.swift; path = MYtest3Controller.swift; sourceTree = "<group>"; };
		5FD56D7D2368325C00B07120 /* TogetherSwiftUIView.swift */ = {isa = PBXFileReference; lastKnownFileType = sourcecode.swift; path = TogetherSwiftUIView.swift; sourceTree = "<group>"; };
		9A10939FE67DCB9862283ADC /* Pods_MyIPhoneApp.framework */ = {isa = PBXFileReference; explicitFileType = wrapper.framework; includeInIndex = 0; path = Pods_MyIPhoneApp.framework; sourceTree = BUILT_PRODUCTS_DIR; };
		B2A8F42EFDAD3075CB9ABDB5 /* Pods_MyMacApp.framework */ = {isa = PBXFileReference; explicitFileType = wrapper.framework; includeInIndex = 0; path = Pods_MyMacApp.framework; sourceTree = BUILT_PRODUCTS_DIR; };
		D120D18CE153CEC41250BE7C /* Pods-MyIPhoneApp.release.xcconfig */ = {isa = PBXFileReference; includeInIndex = 1; lastKnownFileType = text.xcconfig; name = "Pods-MyIPhoneApp.release.xcconfig"; path = "Target Support Files/Pods-MyIPhoneApp/Pods-MyIPhoneApp.release.xcconfig"; sourceTree = "<group>"; };
		F051E45A3618BF9FADB6FAED /* Pods-MyIPhoneApp.debug.xcconfig */ = {isa = PBXFileReference; includeInIndex = 1; lastKnownFileType = text.xcconfig; name = "Pods-MyIPhoneApp.debug.xcconfig"; path = "Target Support Files/Pods-MyIPhoneApp/Pods-MyIPhoneApp.debug.xcconfig"; sourceTree = "<group>"; };
/* End PBXFileReference section */

/* Begin PBXFrameworksBuildPhase section */
		5F16D78123556A5700CB0BBD /* Frameworks */ = {
			isa = PBXFrameworksBuildPhase;
			buildActionMask = 2147483647;
			files = (
				0D367D8BA8DEDE454041306A /* Pods_MyMacApp.framework in Frameworks */,
			);
			runOnlyForDeploymentPostprocessing = 0;
		};
/* End PBXFrameworksBuildPhase section */

/* Begin PBXGroup section */
		463E654655D0C849FD75B62C /* Frameworks */ = {
			isa = PBXGroup;
			children = (
				B2A8F42EFDAD3075CB9ABDB5 /* Pods_MyMacApp.framework */,
				9A10939FE67DCB9862283ADC /* Pods_MyIPhoneApp.framework */,
			);
			name = Frameworks;
			sourceTree = "<group>";
		};
		5F16D77B23556A5700CB0BBD = {
			isa = PBXGroup;
			children = (
				5F16D78623556A5700CB0BBD /* MyMacApp */,
				5F16D78523556A5700CB0BBD /* Products */,
				BD1101FDBED15BAEC6931FA6 /* Pods */,
				463E654655D0C849FD75B62C /* Frameworks */,
			);
			sourceTree = "<group>";
		};
		5F16D78523556A5700CB0BBD /* Products */ = {
			isa = PBXGroup;
			children = (
				5F16D78423556A5700CB0BBD /* MyMacApp.app */,
			);
			name = Products;
			sourceTree = "<group>";
		};
		5F16D78623556A5700CB0BBD /* MyMacApp */ = {
			isa = PBXGroup;
			children = (
				5F16D78723556A5700CB0BBD /* AppDelegate.swift */,
				5F16D78923556A5700CB0BBD /* ViewController.swift */,
				5F60FC582356EDAA00D4B55E /* Controller */,
				5F60FC562356EDAA00D4B55E /* Model */,
				5F60FC5A2356EDAA00D4B55E /* View */,
				5F16D78B23556A5800CB0BBD /* Assets.xcassets */,
				5F8B3CD2235EEB7A00EEBF21 /* Day1 */,
				5F8C28BA236026FC008068F5 /* Day2 */,
				5FD56D7523681DB600B07120 /* Day3 */,
				5F6B419F2410A68B0011B9C7 /* Day4 */,
				5FB7060A242AF47B005AC167 /* FileChange */,
				5F16D78D23556A5800CB0BBD /* Main.storyboard */,
				5F16D79023556A5800CB0BBD /* Info.plist */,
				5F16D79123556A5800CB0BBD /* MyMacApp.entitlements */,
			);
			path = MyMacApp;
			sourceTree = "<group>";
		};
		5F60FC562356EDAA00D4B55E /* Model */ = {
			isa = PBXGroup;
			children = (
				5F60FC572356EDAA00D4B55E /* WYListDelegate.swift */,
				5F23A6192356F18500BAA763 /* WYNetWorkManager.swift */,
				5F2D4CBC23571F4000386188 /* WYNewsListModel.swift */,
				5F5DADFF23585C300065474A /* WYNewsDetailEntity.swift */,
				5F5DADFD2358553A0065474A /* WYNewsDetailViewModel.swift */,
			);
			path = Model;
			sourceTree = "<group>";
		};
		5F60FC582356EDAA00D4B55E /* Controller */ = {
			isa = PBXGroup;
			children = (
				5F60FC592356EDAA00D4B55E /* MyWYNewsController.swift */,
				5F5DAE012358719F0065474A /* WYNewsDeitailVC.swift */,
			);
			path = Controller;
			sourceTree = "<group>";
		};
		5F60FC5A2356EDAA00D4B55E /* View */ = {
			isa = PBXGroup;
			children = (
				5F23A6172356F00600BAA763 /* WYNewsView.swift */,
				5F5DADFB23580F590065474A /* WYCellView.swift */,
				5F5DAE05235871CC0065474A /* WYDetialView.swift */,
			);
			path = View;
			sourceTree = "<group>";
		};
		5F6B419F2410A68B0011B9C7 /* Day4 */ = {
			isa = PBXGroup;
			children = (
				5F6B41A22410A6BB0011B9C7 /* View */,
				5F6B41A12410A6B60011B9C7 /* Model */,
				5F6B41A02410A6AF0011B9C7 /* Controller */,
			);
			path = Day4;
			sourceTree = "<group>";
		};
		5F6B41A02410A6AF0011B9C7 /* Controller */ = {
			isa = PBXGroup;
			children = (
				5F6B41A32410A6EE0011B9C7 /* GoldWindowController.swift */,
				5F6B41A52410A7050011B9C7 /* GoldViewController.swift */,
			);
			path = Controller;
			sourceTree = "<group>";
		};
		5F6B41A12410A6B60011B9C7 /* Model */ = {
			isa = PBXGroup;
			children = (
				5F6B41A72410A7710011B9C7 /* GoldModel.swift */,
				5F6B41AB2410C7BC0011B9C7 /* GoldManager.swift */,
			);
			path = Model;
			sourceTree = "<group>";
		};
		5F6B41A22410A6BB0011B9C7 /* View */ = {
			isa = PBXGroup;
			children = (
				5F6B41A92410A7840011B9C7 /* GoldView.swift */,
				5F949F612417276000C7CDF1 /* CandleStick.swift */,
			);
			path = View;
			sourceTree = "<group>";
		};
		5F8B3CD2235EEB7A00EEBF21 /* Day1 */ = {
			isa = PBXGroup;
			children = (
				5F8B3CD3235EEB8300EEBF21 /* TabViewControllerDemo */,
			);
			path = Day1;
			sourceTree = "<group>";
		};
		5F8B3CD3235EEB8300EEBF21 /* TabViewControllerDemo */ = {
			isa = PBXGroup;
			children = (
				5F6269CA2359A2EC0092BCD9 /* MyTabVC.swift */,
				5F8B3CD4235EEC7A00EEBF21 /* OneViewController.swift */,
				5F8B3CD6235EEC8900EEBF21 /* TwoViewController.swift */,
			);
			path = TabViewControllerDemo;
			sourceTree = "<group>";
		};
		5F8C28BA236026FC008068F5 /* Day2 */ = {
			isa = PBXGroup;
			children = (
				5F8C28BB23602714008068F5 /* QRCode */,
			);
			path = Day2;
			sourceTree = "<group>";
		};
		5F8C28BB23602714008068F5 /* QRCode */ = {
			isa = PBXGroup;
			children = (
				5F8C28BC23602737008068F5 /* MyQRCodeVC.swift */,
			);
			path = QRCode;
			sourceTree = "<group>";
		};
		5FB7060A242AF47B005AC167 /* FileChange */ = {
			isa = PBXGroup;
			children = (
				5FB7060D242AF596005AC167 /* Model */,
				5FB7060C242AF589005AC167 /* View */,
				5FB7060B242AF57E005AC167 /* Controller */,
			);
			path = FileChange;
			sourceTree = "<group>";
		};
		5FB7060B242AF57E005AC167 /* Controller */ = {
			isa = PBXGroup;
			children = (
				5FB7060E242AF5C2005AC167 /* FileChangeVC.swift */,
			);
			path = Controller;
			sourceTree = "<group>";
		};
		5FB7060C242AF589005AC167 /* View */ = {
			isa = PBXGroup;
			children = (
			);
			path = View;
			sourceTree = "<group>";
		};
		5FB7060D242AF596005AC167 /* Model */ = {
			isa = PBXGroup;
			children = (
				5FB70613242B06CF005AC167 /* NSTextField+Copypast.h */,
				5FB70614242B06CF005AC167 /* NSTextField+Copypast.m */,
				5FB70611242B06CF005AC167 /* NSTextField+Dragging.h */,
				5FB70612242B06CF005AC167 /* NSTextField+Dragging.m */,
				5FB70610242B06CE005AC167 /* MyMacApp-Bridging-Header.h */,
			);
			path = Model;
			sourceTree = "<group>";
		};
		5FD56D7523681DB600B07120 /* Day3 */ = {
			isa = PBXGroup;
			children = (
				5FD56D7823681DDA00B07120 /* Model */,
				5FD56D7723681DD600B07120 /* View */,
				5FD56D7623681DCF00B07120 /* Controller */,
			);
			path = Day3;
			sourceTree = "<group>";
		};
		5FD56D7623681DCF00B07120 /* Controller */ = {
			isa = PBXGroup;
			children = (
				5FD56D7B2368283200B07120 /* MYtest3Controller.swift */,
			);
			path = Controller;
			sourceTree = "<group>";
		};
		5FD56D7723681DD600B07120 /* View */ = {
			isa = PBXGroup;
			children = (
				5FD56D7923681E0500B07120 /* MyContentView.swift */,
				5FD56D7D2368325C00B07120 /* TogetherSwiftUIView.swift */,
			);
			path = View;
			sourceTree = "<group>";
		};
		5FD56D7823681DDA00B07120 /* Model */ = {
			isa = PBXGroup;
			children = (
			);
			path = Model;
			sourceTree = "<group>";
		};
		BD1101FDBED15BAEC6931FA6 /* Pods */ = {
			isa = PBXGroup;
			children = (
				06F7A00ED452042022D1983C /* Pods-MyMacApp.debug.xcconfig */,
				5BDAB613D1AAF4E6B80A98C9 /* Pods-MyMacApp.release.xcconfig */,
				F051E45A3618BF9FADB6FAED /* Pods-MyIPhoneApp.debug.xcconfig */,
				D120D18CE153CEC41250BE7C /* Pods-MyIPhoneApp.release.xcconfig */,
			);
			path = Pods;
			sourceTree = "<group>";
		};
/* End PBXGroup section */

/* Begin PBXNativeTarget section */
		5F16D78323556A5700CB0BBD /* MyMacApp */ = {
			isa = PBXNativeTarget;
			buildConfigurationList = 5F16D79423556A5800CB0BBD /* Build configuration list for PBXNativeTarget "MyMacApp" */;
			buildPhases = (
				9CC69A9B08F0DE30DF1250F0 /* [CP] Check Pods Manifest.lock */,
				5F16D78023556A5700CB0BBD /* Sources */,
				5F16D78123556A5700CB0BBD /* Frameworks */,
				5F16D78223556A5700CB0BBD /* Resources */,
				3D1BCBF16DADB603008B0B78 /* [CP] Embed Pods Frameworks */,
			);
			buildRules = (
			);
			dependencies = (
			);
			name = MyMacApp;
			productName = MyMacApp;
			productReference = 5F16D78423556A5700CB0BBD /* MyMacApp.app */;
			productType = "com.apple.product-type.application";
		};
/* End PBXNativeTarget section */

/* Begin PBXProject section */
		5F16D77C23556A5700CB0BBD /* Project object */ = {
			isa = PBXProject;
			attributes = {
				LastSwiftUpdateCheck = 1110;
				LastUpgradeCheck = 1100;
				ORGANIZATIONNAME = chiyz;
				TargetAttributes = {
					5F16D78323556A5700CB0BBD = {
						CreatedOnToolsVersion = 11.0;
						LastSwiftMigration = 1130;
					};
				};
			};
			buildConfigurationList = 5F16D77F23556A5700CB0BBD /* Build configuration list for PBXProject "MyMacApp" */;
			compatibilityVersion = "Xcode 9.3";
			developmentRegion = en;
			hasScannedForEncodings = 0;
			knownRegions = (
				en,
				Base,
			);
			mainGroup = 5F16D77B23556A5700CB0BBD;
			productRefGroup = 5F16D78523556A5700CB0BBD /* Products */;
			projectDirPath = "";
			projectRoot = "";
			targets = (
				5F16D78323556A5700CB0BBD /* MyMacApp */,
			);
		};
/* End PBXProject section */

/* Begin PBXResourcesBuildPhase section */
		5F16D78223556A5700CB0BBD /* Resources */ = {
			isa = PBXResourcesBuildPhase;
			buildActionMask = 2147483647;
			files = (
				5F16D78C23556A5800CB0BBD /* Assets.xcassets in Resources */,
				5F16D78F23556A5800CB0BBD /* Main.storyboard in Resources */,
			);
			runOnlyForDeploymentPostprocessing = 0;
		};
/* End PBXResourcesBuildPhase section */

/* Begin PBXShellScriptBuildPhase section */
		3D1BCBF16DADB603008B0B78 /* [CP] Embed Pods Frameworks */ = {
			isa = PBXShellScriptBuildPhase;
			buildActionMask = 2147483647;
			files = (
			);
			inputFileListPaths = (
				"${PODS_ROOT}/Target Support Files/Pods-MyMacApp/Pods-MyMacApp-frameworks-${CONFIGURATION}-input-files.xcfilelist",
			);
			name = "[CP] Embed Pods Frameworks";
			outputFileListPaths = (
				"${PODS_ROOT}/Target Support Files/Pods-MyMacApp/Pods-MyMacApp-frameworks-${CONFIGURATION}-output-files.xcfilelist",
			);
			runOnlyForDeploymentPostprocessing = 0;
			shellPath = /bin/sh;
			shellScript = "\"${PODS_ROOT}/Target Support Files/Pods-MyMacApp/Pods-MyMacApp-frameworks.sh\"\n";
			showEnvVarsInLog = 0;
		};
		9CC69A9B08F0DE30DF1250F0 /* [CP] Check Pods Manifest.lock */ = {
			isa = PBXShellScriptBuildPhase;
			buildActionMask = 2147483647;
			files = (
			);
			inputFileListPaths = (
			);
			inputPaths = (
				"${PODS_PODFILE_DIR_PATH}/Podfile.lock",
				"${PODS_ROOT}/Manifest.lock",
			);
			name = "[CP] Check Pods Manifest.lock";
			outputFileListPaths = (
			);
			outputPaths = (
				"$(DERIVED_FILE_DIR)/Pods-MyMacApp-checkManifestLockResult.txt",
			);
			runOnlyForDeploymentPostprocessing = 0;
			shellPath = /bin/sh;
			shellScript = "diff \"${PODS_PODFILE_DIR_PATH}/Podfile.lock\" \"${PODS_ROOT}/Manifest.lock\" > /dev/null\nif [ $? != 0 ] ; then\n    # print error to STDERR\n    echo \"error: The sandbox is not in sync with the Podfile.lock. Run 'pod install' or update your CocoaPods installation.\" >&2\n    exit 1\nfi\n# This output is used by Xcode 'outputs' to avoid re-running this script phase.\necho \"SUCCESS\" > \"${SCRIPT_OUTPUT_FILE_0}\"\n";
			showEnvVarsInLog = 0;
		};
/* End PBXShellScriptBuildPhase section */

/* Begin PBXSourcesBuildPhase section */
		5F16D78023556A5700CB0BBD /* Sources */ = {
			isa = PBXSourcesBuildPhase;
			buildActionMask = 2147483647;
			files = (
				5FB70615242B06D0005AC167 /* NSTextField+Dragging.m in Sources */,
				5F949F622417276000C7CDF1 /* CandleStick.swift in Sources */,
				5F60FC5C2356EDAA00D4B55E /* WYListDelegate.swift in Sources */,
				5F16D78A23556A5700CB0BBD /* ViewController.swift in Sources */,
				5F23A6182356F00600BAA763 /* WYNewsView.swift in Sources */,
				5F5DAE06235871CC0065474A /* WYDetialView.swift in Sources */,
				5F60FC5D2356EDAA00D4B55E /* MyWYNewsController.swift in Sources */,
				5F6B41A82410A7710011B9C7 /* GoldModel.swift in Sources */,
				5F6B41A62410A7050011B9C7 /* GoldViewController.swift in Sources */,
				5FB70616242B06D0005AC167 /* NSTextField+Copypast.m in Sources */,
				5F6B41AA2410A7840011B9C7 /* GoldView.swift in Sources */,
				5FD56D7C2368283200B07120 /* MYtest3Controller.swift in Sources */,
				5F8B3CD7235EEC8900EEBF21 /* TwoViewController.swift in Sources */,
				5F8B3CD5235EEC7A00EEBF21 /* OneViewController.swift in Sources */,
				5F2D4CBD23571F4000386188 /* WYNewsListModel.swift in Sources */,
				5F8C28BD23602737008068F5 /* MyQRCodeVC.swift in Sources */,
				5F6B41AC2410C7BC0011B9C7 /* GoldManager.swift in Sources */,
				5F23A61A2356F18500BAA763 /* WYNetWorkManager.swift in Sources */,
				5F5DAE022358719F0065474A /* WYNewsDeitailVC.swift in Sources */,
				5FD56D7E2368325C00B07120 /* TogetherSwiftUIView.swift in Sources */,
				5FB7060F242AF5C2005AC167 /* FileChangeVC.swift in Sources */,
				5FD56D7A23681E0500B07120 /* MyContentView.swift in Sources */,
				5F5DADFE2358553A0065474A /* WYNewsDetailViewModel.swift in Sources */,
				5F5DADFC23580F5A0065474A /* WYCellView.swift in Sources */,
				5F6269CB2359A2EC0092BCD9 /* MyTabVC.swift in Sources */,
				5F5DAE0023585C300065474A /* WYNewsDetailEntity.swift in Sources */,
				5F16D78823556A5700CB0BBD /* AppDelegate.swift in Sources */,
				5F6B41A42410A6EE0011B9C7 /* GoldWindowController.swift in Sources */,
			);
			runOnlyForDeploymentPostprocessing = 0;
		};
/* End PBXSourcesBuildPhase section */

/* Begin PBXVariantGroup section */
		5F16D78D23556A5800CB0BBD /* Main.storyboard */ = {
			isa = PBXVariantGroup;
			children = (
				5F16D78E23556A5800CB0BBD /* Base */,
			);
			name = Main.storyboard;
			sourceTree = "<group>";
		};
/* End PBXVariantGroup section */

/* Begin XCBuildConfiguration section */
		5F16D79223556A5800CB0BBD /* Debug */ = {
			isa = XCBuildConfiguration;
			buildSettings = {
				ALWAYS_SEARCH_USER_PATHS = NO;
				CLANG_ANALYZER_NONNULL = YES;
				CLANG_ANALYZER_NUMBER_OBJECT_CONVERSION = YES_AGGRESSIVE;
				CLANG_CXX_LANGUAGE_STANDARD = "gnu++14";
				CLANG_CXX_LIBRARY = "libc++";
				CLANG_ENABLE_MODULES = YES;
				CLANG_ENABLE_OBJC_ARC = YES;
				CLANG_ENABLE_OBJC_WEAK = YES;
				CLANG_WARN_BLOCK_CAPTURE_AUTORELEASING = YES;
				CLANG_WARN_BOOL_CONVERSION = YES;
				CLANG_WARN_COMMA = YES;
				CLANG_WARN_CONSTANT_CONVERSION = YES;
				CLANG_WARN_DEPRECATED_OBJC_IMPLEMENTATIONS = YES;
				CLANG_WARN_DIRECT_OBJC_ISA_USAGE = YES_ERROR;
				CLANG_WARN_DOCUMENTATION_COMMENTS = YES;
				CLANG_WARN_EMPTY_BODY = YES;
				CLANG_WARN_ENUM_CONVERSION = YES;
				CLANG_WARN_INFINITE_RECURSION = YES;
				CLANG_WARN_INT_CONVERSION = YES;
				CLANG_WARN_NON_LITERAL_NULL_CONVERSION = YES;
				CLANG_WARN_OBJC_IMPLICIT_RETAIN_SELF = YES;
				CLANG_WARN_OBJC_LITERAL_CONVERSION = YES;
				CLANG_WARN_OBJC_ROOT_CLASS = YES_ERROR;
				CLANG_WARN_RANGE_LOOP_ANALYSIS = YES;
				CLANG_WARN_STRICT_PROTOTYPES = YES;
				CLANG_WARN_SUSPICIOUS_MOVE = YES;
				CLANG_WARN_UNGUARDED_AVAILABILITY = YES_AGGRESSIVE;
				CLANG_WARN_UNREACHABLE_CODE = YES;
				CLANG_WARN__DUPLICATE_METHOD_MATCH = YES;
				COPY_PHASE_STRIP = NO;
				DEBUG_INFORMATION_FORMAT = dwarf;
				ENABLE_STRICT_OBJC_MSGSEND = YES;
				ENABLE_TESTABILITY = YES;
				GCC_C_LANGUAGE_STANDARD = gnu11;
				GCC_DYNAMIC_NO_PIC = NO;
				GCC_NO_COMMON_BLOCKS = YES;
				GCC_OPTIMIZATION_LEVEL = 0;
				GCC_PREPROCESSOR_DEFINITIONS = (
					"DEBUG=1",
					"$(inherited)",
				);
				GCC_WARN_64_TO_32_BIT_CONVERSION = YES;
				GCC_WARN_ABOUT_RETURN_TYPE = YES_ERROR;
				GCC_WARN_UNDECLARED_SELECTOR = YES;
				GCC_WARN_UNINITIALIZED_AUTOS = YES_AGGRESSIVE;
				GCC_WARN_UNUSED_FUNCTION = YES;
				GCC_WARN_UNUSED_VARIABLE = YES;
				MACOSX_DEPLOYMENT_TARGET = 10.14;
				MTL_ENABLE_DEBUG_INFO = INCLUDE_SOURCE;
				MTL_FAST_MATH = YES;
				ONLY_ACTIVE_ARCH = YES;
				SDKROOT = macosx;
				SWIFT_ACTIVE_COMPILATION_CONDITIONS = DEBUG;
				SWIFT_OPTIMIZATION_LEVEL = "-Onone";
			};
			name = Debug;
		};
		5F16D79323556A5800CB0BBD /* Release */ = {
			isa = XCBuildConfiguration;
			buildSettings = {
				ALWAYS_SEARCH_USER_PATHS = NO;
				CLANG_ANALYZER_NONNULL = YES;
				CLANG_ANALYZER_NUMBER_OBJECT_CONVERSION = YES_AGGRESSIVE;
				CLANG_CXX_LANGUAGE_STANDARD = "gnu++14";
				CLANG_CXX_LIBRARY = "libc++";
				CLANG_ENABLE_MODULES = YES;
				CLANG_ENABLE_OBJC_ARC = YES;
				CLANG_ENABLE_OBJC_WEAK = YES;
				CLANG_WARN_BLOCK_CAPTURE_AUTORELEASING = YES;
				CLANG_WARN_BOOL_CONVERSION = YES;
				CLANG_WARN_COMMA = YES;
				CLANG_WARN_CONSTANT_CONVERSION = YES;
				CLANG_WARN_DEPRECATED_OBJC_IMPLEMENTATIONS = YES;
				CLANG_WARN_DIRECT_OBJC_ISA_USAGE = YES_ERROR;
				CLANG_WARN_DOCUMENTATION_COMMENTS = YES;
				CLANG_WARN_EMPTY_BODY = YES;
				CLANG_WARN_ENUM_CONVERSION = YES;
				CLANG_WARN_INFINITE_RECURSION = YES;
				CLANG_WARN_INT_CONVERSION = YES;
				CLANG_WARN_NON_LITERAL_NULL_CONVERSION = YES;
				CLANG_WARN_OBJC_IMPLICIT_RETAIN_SELF = YES;
				CLANG_WARN_OBJC_LITERAL_CONVERSION = YES;
				CLANG_WARN_OBJC_ROOT_CLASS = YES_ERROR;
				CLANG_WARN_RANGE_LOOP_ANALYSIS = YES;
				CLANG_WARN_STRICT_PROTOTYPES = YES;
				CLANG_WARN_SUSPICIOUS_MOVE = YES;
				CLANG_WARN_UNGUARDED_AVAILABILITY = YES_AGGRESSIVE;
				CLANG_WARN_UNREACHABLE_CODE = YES;
				CLANG_WARN__DUPLICATE_METHOD_MATCH = YES;
				COPY_PHASE_STRIP = NO;
				DEBUG_INFORMATION_FORMAT = "dwarf-with-dsym";
				ENABLE_NS_ASSERTIONS = NO;
				ENABLE_STRICT_OBJC_MSGSEND = YES;
				GCC_C_LANGUAGE_STANDARD = gnu11;
				GCC_NO_COMMON_BLOCKS = YES;
				GCC_WARN_64_TO_32_BIT_CONVERSION = YES;
				GCC_WARN_ABOUT_RETURN_TYPE = YES_ERROR;
				GCC_WARN_UNDECLARED_SELECTOR = YES;
				GCC_WARN_UNINITIALIZED_AUTOS = YES_AGGRESSIVE;
				GCC_WARN_UNUSED_FUNCTION = YES;
				GCC_WARN_UNUSED_VARIABLE = YES;
				MACOSX_DEPLOYMENT_TARGET = 10.14;
				MTL_ENABLE_DEBUG_INFO = NO;
				MTL_FAST_MATH = YES;
				SDKROOT = macosx;
				SWIFT_COMPILATION_MODE = wholemodule;
				SWIFT_OPTIMIZATION_LEVEL = "-O";
			};
			name = Release;
		};
		5F16D79523556A5800CB0BBD /* Debug */ = {
			isa = XCBuildConfiguration;
			baseConfigurationReference = 06F7A00ED452042022D1983C /* Pods-MyMacApp.debug.xcconfig */;
			buildSettings = {
				ASSETCATALOG_COMPILER_APPICON_NAME = AppIcon;
				CLANG_ENABLE_MODULES = YES;
				CODE_SIGN_ENTITLEMENTS = MyMacApp/MyMacApp.entitlements;
				CODE_SIGN_STYLE = Automatic;
				COMBINE_HIDPI_IMAGES = YES;
				INFOPLIST_FILE = MyMacApp/Info.plist;
				LD_RUNPATH_SEARCH_PATHS = (
					"$(inherited)",
					"@executable_path/../Frameworks",
				);
				MACOSX_DEPLOYMENT_TARGET = 10.12;
				PRODUCT_BUNDLE_IDENTIFIER = com.sample.MyMacApp;
				PRODUCT_NAME = "$(TARGET_NAME)";
				SWIFT_OBJC_BRIDGING_HEADER = "MyMacApp/FileChange/Model/MyMacApp-Bridging-Header.h";
				SWIFT_OPTIMIZATION_LEVEL = "-Onone";
				SWIFT_VERSION = 5.0;
			};
			name = Debug;
		};
		5F16D79623556A5800CB0BBD /* Release */ = {
			isa = XCBuildConfiguration;
			baseConfigurationReference = 5BDAB613D1AAF4E6B80A98C9 /* Pods-MyMacApp.release.xcconfig */;
			buildSettings = {
				ASSETCATALOG_COMPILER_APPICON_NAME = AppIcon;
				CLANG_ENABLE_MODULES = YES;
				CODE_SIGN_ENTITLEMENTS = MyMacApp/MyMacApp.entitlements;
				CODE_SIGN_STYLE = Automatic;
				COMBINE_HIDPI_IMAGES = YES;
				INFOPLIST_FILE = MyMacApp/Info.plist;
				LD_RUNPATH_SEARCH_PATHS = (
					"$(inherited)",
					"@executable_path/../Frameworks",
				);
				MACOSX_DEPLOYMENT_TARGET = 10.12;
				PRODUCT_BUNDLE_IDENTIFIER = com.sample.MyMacApp;
				PRODUCT_NAME = "$(TARGET_NAME)";
				SWIFT_OBJC_BRIDGING_HEADER = "MyMacApp/FileChange/Model/MyMacApp-Bridging-Header.h";
				SWIFT_VERSION = 5.0;
			};
			name = Release;
		};
/* End XCBuildConfiguration section */

/* Begin XCConfigurationList section */
		5F16D77F23556A5700CB0BBD /* Build configuration list for PBXProject "MyMacApp" */ = {
			isa = XCConfigurationList;
			buildConfigurations = (
				5F16D79223556A5800CB0BBD /* Debug */,
				5F16D79323556A5800CB0BBD /* Release */,
			);
			defaultConfigurationIsVisible = 0;
			defaultConfigurationName = Release;
		};
		5F16D79423556A5800CB0BBD /* Build configuration list for PBXNativeTarget "MyMacApp" */ = {
			isa = XCConfigurationList;
			buildConfigurations = (
				5F16D79523556A5800CB0BBD /* Debug */,
				5F16D79623556A5800CB0BBD /* Release */,
			);
			defaultConfigurationIsVisible = 0;
			defaultConfigurationName = Release;
		};
/* End XCConfigurationList section */
	};
	rootObject = 5F16D77C23556A5700CB0BBD /* Project object */;
}
